
Microsoft Visual Studio Solution File, Format Version 12.00
# Visual Studio 2013
VisualStudioVersion = 12.0.21005.1
MinimumVisualStudioVersion = 10.0.40219.1
Project("{FAE04EC0-301F-11D3-BF4B-00C04F79EFBC}") = "Intro", "Intro\Intro.csproj", "{D50EE0F8-0ACD-4680-9CDB-FAD5A2AEE705}"
EndProject
Project("{FAE04EC0-301F-11D3-BF4B-00C04F79EFBC}") = "BasicTCPServerAndClient", "BasicTCPServerAndClient\BasicTCPServerAndClient.csproj", "{AC4C107F-F8BC-434F-9B77-6DCE5603126F}"
EndProject
Project("{FAE04EC0-301F-11D3-BF4B-00C04F79EFBC}") = "BasicNetworkStream", "BasicNetworkStream\BasicNetworkStream.csproj", "{0470E43D-7664-4D9E-9051-DC1A33CA6056}"
EndProject
Project("{FAE04EC0-301F-11D3-BF4B-00C04F79EFBC}") = "BasicStreamWriterAndReader", "BasicStreamWriterAndReader\BasicStreamWriterAndReader.csproj", "{CE9AA703-24F8-4EC3-BECB-85B0A5B5CC98}"
EndProject
Project("{FAE04EC0-301F-11D3-BF4B-00C04F79EFBC}") = "BasicBinaryWriterAndReader", "BasicBinaryWriterAndReader\BasicBinaryWriterAndReader.csproj", "{10E429E0-3A33-4E78-B5ED-DF72018B290F}"
EndProject
Project("{2150E333-8FDC-42A3-9474-1A3956D46DE8}") = "1. Console Basic", "1. Console Basic", "{D2AF326F-7758-49DC-AA86-5874D2CD5BE9}"
EndProject
Project("{2150E333-8FDC-42A3-9474-1A3956D46DE8}") = "1. WinForm", "1. WinForm", "{B6F62E3F-5BAE-4591-9F15-C1456036E8E0}"
EndProject
Project("{FAE04EC0-301F-11D3-BF4B-00C04F79EFBC}") = "BasicServer", "BasicSeerver\BasicServer.csproj", "{7A2DCCF3-2D7F-4CAC-A4C5-5134EA98C9D0}"
EndProject
Global
	GlobalSection(SolutionConfigurationPlatforms) = preSolution
		Debug|Any CPU = Debug|Any CPU
		Release|Any CPU = Release|Any CPU
	EndGlobalSection
	GlobalSection(ProjectConfigurationPlatforms) = postSolution
		{D50EE0F8-0ACD-4680-9CDB-FAD5A2AEE705}.Debug|Any CPU.ActiveCfg = Debug|Any CPU
		{D50EE0F8-0ACD-4680-9CDB-FAD5A2AEE705}.Debug|Any CPU.Build.0 = Debug|Any CPU
		{D50EE0F8-0ACD-4680-9CDB-FAD5A2AEE705}.Release|Any CPU.ActiveCfg = Release|Any CPU
		{D50EE0F8-0ACD-4680-9CDB-FAD5A2AEE705}.Release|Any CPU.Build.0 = Release|Any CPU
		{AC4C107F-F8BC-434F-9B77-6DCE5603126F}.Debug|Any CPU.ActiveCfg = Debug|Any CPU
		{AC4C107F-F8BC-434F-9B77-6DCE5603126F}.Debug|Any CPU.Build.0 = Debug|Any CPU
		{AC4C107F-F8BC-434F-9B77-6DCE5603126F}.Release|Any CPU.ActiveCfg = Release|Any CPU
		{AC4C107F-F8BC-434F-9B77-6DCE5603126F}.Release|Any CPU.Build.0 = Release|Any CPU
		{0470E43D-7664-4D9E-9051-DC1A33CA6056}.Debug|Any CPU.ActiveCfg = Debug|Any CPU
		{0470E43D-7664-4D9E-9051-DC1A33CA6056}.Debug|Any CPU.Build.0 = Debug|Any CPU
		{0470E43D-7664-4D9E-9051-DC1A33CA6056}.Release|Any CPU.ActiveCfg = Release|Any CPU
		{0470E43D-7664-4D9E-9051-DC1A33CA6056}.Release|Any CPU.Build.0 = Release|Any CPU
		{CE9AA703-24F8-4EC3-BECB-85B0A5B5CC98}.Debug|Any CPU.ActiveCfg = Debug|Any CPU
		{CE9AA703-24F8-4EC3-BECB-85B0A5B5CC98}.Debug|Any CPU.Build.0 = Debug|Any CPU
		{CE9AA703-24F8-4EC3-BECB-85B0A5B5CC98}.Release|Any CPU.ActiveCfg = Release|Any CPU
		{CE9AA703-24F8-4EC3-BECB-85B0A5B5CC98}.Release|Any CPU.Build.0 = Release|Any CPU
		{10E429E0-3A33-4E78-B5ED-DF72018B290F}.Debug|Any CPU.ActiveCfg = Debug|Any CPU
		{10E429E0-3A33-4E78-B5ED-DF72018B290F}.Debug|Any CPU.Build.0 = Debug|Any CPU
		{10E429E0-3A33-4E78-B5ED-DF72018B290F}.Release|Any CPU.ActiveCfg = Release|Any CPU
		{10E429E0-3A33-4E78-B5ED-DF72018B290F}.Release|Any CPU.Build.0 = Release|Any CPU
		{7A2DCCF3-2D7F-4CAC-A4C5-5134EA98C9D0}.Debug|Any CPU.ActiveCfg = Debug|Any CPU
		{7A2DCCF3-2D7F-4CAC-A4C5-5134EA98C9D0}.Debug|Any CPU.Build.0 = Debug|Any CPU
		{7A2DCCF3-2D7F-4CAC-A4C5-5134EA98C9D0}.Release|Any CPU.ActiveCfg = Release|Any CPU
		{7A2DCCF3-2D7F-4CAC-A4C5-5134EA98C9D0}.Release|Any CPU.Build.0 = Release|Any CPU
	EndGlobalSection
	GlobalSection(SolutionProperties) = preSolution
		HideSolutionNode = FALSE
	EndGlobalSection
	GlobalSection(NestedProjects) = preSolution
		{10E429E0-3A33-4E78-B5ED-DF72018B290F} = {D2AF326F-7758-49DC-AA86-5874D2CD5BE9}
		{0470E43D-7664-4D9E-9051-DC1A33CA6056} = {D2AF326F-7758-49DC-AA86-5874D2CD5BE9}
		{CE9AA703-24F8-4EC3-BECB-85B0A5B5CC98} = {D2AF326F-7758-49DC-AA86-5874D2CD5BE9}
		{AC4C107F-F8BC-434F-9B77-6DCE5603126F} = {D2AF326F-7758-49DC-AA86-5874D2CD5BE9}
		{D50EE0F8-0ACD-4680-9CDB-FAD5A2AEE705} = {D2AF326F-7758-49DC-AA86-5874D2CD5BE9}
		{7A2DCCF3-2D7F-4CAC-A4C5-5134EA98C9D0} = {B6F62E3F-5BAE-4591-9F15-C1456036E8E0}
	EndGlobalSection
EndGlobal
