
Microsoft Visual Studio Solution File, Format Version 12.00
# Visual Studio 2013
VisualStudioVersion = 12.0.21005.1
MinimumVisualStudioVersion = 10.0.40219.1
Project("{FAE04EC0-301F-11D3-BF4B-00C04F79EFBC}") = "Intro", "Intro\Intro.csproj", "{D50EE0F8-0ACD-4680-9CDB-FAD5A2AEE705}"
EndProject
Project("{FAE04EC0-301F-11D3-BF4B-00C04F79EFBC}") = "BasicTCPServerAndClient", "BasicTCPServerAndClient\BasicTCPServerAndClient.csproj", "{AC4C107F-F8BC-434F-9B77-6DCE5603126F}"
EndProject
Project("{FAE04EC0-301F-11D3-BF4B-00C04F79EFBC}") = "BasicNetworkStream", "BasicNetworkStream\BasicNetworkStream.csproj", "{0470E43D-7664-4D9E-9051-DC1A33CA6056}"
EndProject
Project("{FAE04EC0-301F-11D3-BF4B-00C04F79EFBC}") = "BasicStreamWriterAndReader", "BasicStreamWriterAndReader\BasicStreamWriterAndReader.csproj", "{CE9AA703-24F8-4EC3-BECB-85B0A5B5CC98}"
EndProject
Project("{FAE04EC0-301F-11D3-BF4B-00C04F79EFBC}") = "BasicBinaryWriterAndReader", "BasicBinaryWriterAndReader\BasicBinaryWriterAndReader.csproj", "{10E429E0-3A33-4E78-B5ED-DF72018B290F}"
EndProject
Project("{2150E333-8FDC-42A3-9474-1A3956D46DE8}") = "1. Console Basic", "1. Console Basic", "{D2AF326F-7758-49DC-AA86-5874D2CD5BE9}"
EndProject
Project("{2150E333-8FDC-42A3-9474-1A3956D46DE8}") = "2. WinForm", "2. WinForm", "{B6F62E3F-5BAE-4591-9F15-C1456036E8E0}"
EndProject
Project("{FAE04EC0-301F-11D3-BF4B-00C04F79EFBC}") = "BasicServer", "BasicSeerver\BasicServer.csproj", "{7A2DCCF3-2D7F-4CAC-A4C5-5134EA98C9D0}"
EndProject
Project("{FAE04EC0-301F-11D3-BF4B-00C04F79EFBC}") = "BasicClient", "BasicClient\BasicClient.csproj", "{F797D680-C61D-446A-8009-0B9B307C31C0}"
EndProject
Project("{2150E333-8FDC-42A3-9474-1A3956D46DE8}") = "3. Thread", "3. Thread", "{752D8585-0F69-43DA-BA95-96951F4155E3}"
EndProject
Project("{FAE04EC0-301F-11D3-BF4B-00C04F79EFBC}") = "Thread01", "Thread01\Thread01.csproj", "{F4D12FA3-B960-4F07-8B75-267D5B07A408}"
EndProject
Project("{FAE04EC0-301F-11D3-BF4B-00C04F79EFBC}") = "Thread02", "Thread02\Thread02.csproj", "{3DC451AC-1F05-42D3-A544-1DC39490BDF3}"
EndProject
Project("{FAE04EC0-301F-11D3-BF4B-00C04F79EFBC}") = "Thread03", "Thread03\Thread03.csproj", "{23F3D34A-348F-4550-B3D5-A51046F5B004}"
EndProject
Project("{FAE04EC0-301F-11D3-BF4B-00C04F79EFBC}") = "Thread04", "Thread04\Thread04.csproj", "{2F44A3DF-57F3-41D5-A5FF-432F7F30E672}"
EndProject
Project("{FAE04EC0-301F-11D3-BF4B-00C04F79EFBC}") = "Thread05", "Thread05\Thread05.csproj", "{11208B24-90EA-498A-8096-F87E9F126715}"
EndProject
Project("{2150E333-8FDC-42A3-9474-1A3956D46DE8}") = "4. Synchronize", "4. Synchronize", "{1F2E8115-587A-499D-AE41-99D1DA518996}"
EndProject
Project("{FAE04EC0-301F-11D3-BF4B-00C04F79EFBC}") = "WithoutLock", "Sample01\WithoutLock.csproj", "{881371F3-2CB7-4A07-B6A6-28B868FA8C62}"
EndProject
Project("{FAE04EC0-301F-11D3-BF4B-00C04F79EFBC}") = "WithLock", "WithLock\WithLock.csproj", "{F24ED3CB-B1F1-4EA9-B778-7DB565D24FBC}"
EndProject
Project("{FAE04EC0-301F-11D3-BF4B-00C04F79EFBC}") = "LockForObject", "WithoutLockForObject\LockForObject.csproj", "{F14A0312-2FCF-4FC1-8B8B-4F7D810B0804}"
EndProject
Project("{FAE04EC0-301F-11D3-BF4B-00C04F79EFBC}") = "WithMonitor", "WithMonitor\WithMonitor.csproj", "{E2DDBAB5-24B5-4740-AFC9-AE9BAD5224E8}"
EndProject
Project("{FAE04EC0-301F-11D3-BF4B-00C04F79EFBC}") = "MonitorForObject", "MonitorForObject\MonitorForObject.csproj", "{3DEC1247-45B6-4139-B6FD-8D7AFDAFB320}"
EndProject
Project("{FAE04EC0-301F-11D3-BF4B-00C04F79EFBC}") = "WithMutex", "WithMutex\WithMutex.csproj", "{7213DDA8-511E-4F3B-A5BF-C639033F6A48}"
EndProject
Project("{FAE04EC0-301F-11D3-BF4B-00C04F79EFBC}") = "MutexForObject", "MutexForObject\MutexForObject.csproj", "{F66DDAFA-62F7-436B-A331-2DD13F3931E9}"
EndProject
Global
	GlobalSection(SolutionConfigurationPlatforms) = preSolution
		Debug|Any CPU = Debug|Any CPU
		Release|Any CPU = Release|Any CPU
	EndGlobalSection
	GlobalSection(ProjectConfigurationPlatforms) = postSolution
		{D50EE0F8-0ACD-4680-9CDB-FAD5A2AEE705}.Debug|Any CPU.ActiveCfg = Debug|Any CPU
		{D50EE0F8-0ACD-4680-9CDB-FAD5A2AEE705}.Debug|Any CPU.Build.0 = Debug|Any CPU
		{D50EE0F8-0ACD-4680-9CDB-FAD5A2AEE705}.Release|Any CPU.ActiveCfg = Release|Any CPU
		{D50EE0F8-0ACD-4680-9CDB-FAD5A2AEE705}.Release|Any CPU.Build.0 = Release|Any CPU
		{AC4C107F-F8BC-434F-9B77-6DCE5603126F}.Debug|Any CPU.ActiveCfg = Debug|Any CPU
		{AC4C107F-F8BC-434F-9B77-6DCE5603126F}.Debug|Any CPU.Build.0 = Debug|Any CPU
		{AC4C107F-F8BC-434F-9B77-6DCE5603126F}.Release|Any CPU.ActiveCfg = Release|Any CPU
		{AC4C107F-F8BC-434F-9B77-6DCE5603126F}.Release|Any CPU.Build.0 = Release|Any CPU
		{0470E43D-7664-4D9E-9051-DC1A33CA6056}.Debug|Any CPU.ActiveCfg = Debug|Any CPU
		{0470E43D-7664-4D9E-9051-DC1A33CA6056}.Debug|Any CPU.Build.0 = Debug|Any CPU
		{0470E43D-7664-4D9E-9051-DC1A33CA6056}.Release|Any CPU.ActiveCfg = Release|Any CPU
		{0470E43D-7664-4D9E-9051-DC1A33CA6056}.Release|Any CPU.Build.0 = Release|Any CPU
		{CE9AA703-24F8-4EC3-BECB-85B0A5B5CC98}.Debug|Any CPU.ActiveCfg = Debug|Any CPU
		{CE9AA703-24F8-4EC3-BECB-85B0A5B5CC98}.Debug|Any CPU.Build.0 = Debug|Any CPU
		{CE9AA703-24F8-4EC3-BECB-85B0A5B5CC98}.Release|Any CPU.ActiveCfg = Release|Any CPU
		{CE9AA703-24F8-4EC3-BECB-85B0A5B5CC98}.Release|Any CPU.Build.0 = Release|Any CPU
		{10E429E0-3A33-4E78-B5ED-DF72018B290F}.Debug|Any CPU.ActiveCfg = Debug|Any CPU
		{10E429E0-3A33-4E78-B5ED-DF72018B290F}.Debug|Any CPU.Build.0 = Debug|Any CPU
		{10E429E0-3A33-4E78-B5ED-DF72018B290F}.Release|Any CPU.ActiveCfg = Release|Any CPU
		{10E429E0-3A33-4E78-B5ED-DF72018B290F}.Release|Any CPU.Build.0 = Release|Any CPU
		{7A2DCCF3-2D7F-4CAC-A4C5-5134EA98C9D0}.Debug|Any CPU.ActiveCfg = Debug|Any CPU
		{7A2DCCF3-2D7F-4CAC-A4C5-5134EA98C9D0}.Debug|Any CPU.Build.0 = Debug|Any CPU
		{7A2DCCF3-2D7F-4CAC-A4C5-5134EA98C9D0}.Release|Any CPU.ActiveCfg = Release|Any CPU
		{7A2DCCF3-2D7F-4CAC-A4C5-5134EA98C9D0}.Release|Any CPU.Build.0 = Release|Any CPU
		{F797D680-C61D-446A-8009-0B9B307C31C0}.Debug|Any CPU.ActiveCfg = Debug|Any CPU
		{F797D680-C61D-446A-8009-0B9B307C31C0}.Debug|Any CPU.Build.0 = Debug|Any CPU
		{F797D680-C61D-446A-8009-0B9B307C31C0}.Release|Any CPU.ActiveCfg = Release|Any CPU
		{F797D680-C61D-446A-8009-0B9B307C31C0}.Release|Any CPU.Build.0 = Release|Any CPU
		{F4D12FA3-B960-4F07-8B75-267D5B07A408}.Debug|Any CPU.ActiveCfg = Debug|Any CPU
		{F4D12FA3-B960-4F07-8B75-267D5B07A408}.Debug|Any CPU.Build.0 = Debug|Any CPU
		{F4D12FA3-B960-4F07-8B75-267D5B07A408}.Release|Any CPU.ActiveCfg = Release|Any CPU
		{F4D12FA3-B960-4F07-8B75-267D5B07A408}.Release|Any CPU.Build.0 = Release|Any CPU
		{3DC451AC-1F05-42D3-A544-1DC39490BDF3}.Debug|Any CPU.ActiveCfg = Debug|Any CPU
		{3DC451AC-1F05-42D3-A544-1DC39490BDF3}.Debug|Any CPU.Build.0 = Debug|Any CPU
		{3DC451AC-1F05-42D3-A544-1DC39490BDF3}.Release|Any CPU.ActiveCfg = Release|Any CPU
		{3DC451AC-1F05-42D3-A544-1DC39490BDF3}.Release|Any CPU.Build.0 = Release|Any CPU
		{23F3D34A-348F-4550-B3D5-A51046F5B004}.Debug|Any CPU.ActiveCfg = Debug|Any CPU
		{23F3D34A-348F-4550-B3D5-A51046F5B004}.Debug|Any CPU.Build.0 = Debug|Any CPU
		{23F3D34A-348F-4550-B3D5-A51046F5B004}.Release|Any CPU.ActiveCfg = Release|Any CPU
		{23F3D34A-348F-4550-B3D5-A51046F5B004}.Release|Any CPU.Build.0 = Release|Any CPU
		{2F44A3DF-57F3-41D5-A5FF-432F7F30E672}.Debug|Any CPU.ActiveCfg = Debug|Any CPU
		{2F44A3DF-57F3-41D5-A5FF-432F7F30E672}.Debug|Any CPU.Build.0 = Debug|Any CPU
		{2F44A3DF-57F3-41D5-A5FF-432F7F30E672}.Release|Any CPU.ActiveCfg = Release|Any CPU
		{2F44A3DF-57F3-41D5-A5FF-432F7F30E672}.Release|Any CPU.Build.0 = Release|Any CPU
		{11208B24-90EA-498A-8096-F87E9F126715}.Debug|Any CPU.ActiveCfg = Debug|Any CPU
		{11208B24-90EA-498A-8096-F87E9F126715}.Debug|Any CPU.Build.0 = Debug|Any CPU
		{11208B24-90EA-498A-8096-F87E9F126715}.Release|Any CPU.ActiveCfg = Release|Any CPU
		{11208B24-90EA-498A-8096-F87E9F126715}.Release|Any CPU.Build.0 = Release|Any CPU
		{881371F3-2CB7-4A07-B6A6-28B868FA8C62}.Debug|Any CPU.ActiveCfg = Debug|Any CPU
		{881371F3-2CB7-4A07-B6A6-28B868FA8C62}.Debug|Any CPU.Build.0 = Debug|Any CPU
		{881371F3-2CB7-4A07-B6A6-28B868FA8C62}.Release|Any CPU.ActiveCfg = Release|Any CPU
		{881371F3-2CB7-4A07-B6A6-28B868FA8C62}.Release|Any CPU.Build.0 = Release|Any CPU
		{F24ED3CB-B1F1-4EA9-B778-7DB565D24FBC}.Debug|Any CPU.ActiveCfg = Debug|Any CPU
		{F24ED3CB-B1F1-4EA9-B778-7DB565D24FBC}.Debug|Any CPU.Build.0 = Debug|Any CPU
		{F24ED3CB-B1F1-4EA9-B778-7DB565D24FBC}.Release|Any CPU.ActiveCfg = Release|Any CPU
		{F24ED3CB-B1F1-4EA9-B778-7DB565D24FBC}.Release|Any CPU.Build.0 = Release|Any CPU
		{F14A0312-2FCF-4FC1-8B8B-4F7D810B0804}.Debug|Any CPU.ActiveCfg = Debug|Any CPU
		{F14A0312-2FCF-4FC1-8B8B-4F7D810B0804}.Debug|Any CPU.Build.0 = Debug|Any CPU
		{F14A0312-2FCF-4FC1-8B8B-4F7D810B0804}.Release|Any CPU.ActiveCfg = Release|Any CPU
		{F14A0312-2FCF-4FC1-8B8B-4F7D810B0804}.Release|Any CPU.Build.0 = Release|Any CPU
		{E2DDBAB5-24B5-4740-AFC9-AE9BAD5224E8}.Debug|Any CPU.ActiveCfg = Debug|Any CPU
		{E2DDBAB5-24B5-4740-AFC9-AE9BAD5224E8}.Debug|Any CPU.Build.0 = Debug|Any CPU
		{E2DDBAB5-24B5-4740-AFC9-AE9BAD5224E8}.Release|Any CPU.ActiveCfg = Release|Any CPU
		{E2DDBAB5-24B5-4740-AFC9-AE9BAD5224E8}.Release|Any CPU.Build.0 = Release|Any CPU
		{3DEC1247-45B6-4139-B6FD-8D7AFDAFB320}.Debug|Any CPU.ActiveCfg = Debug|Any CPU
		{3DEC1247-45B6-4139-B6FD-8D7AFDAFB320}.Debug|Any CPU.Build.0 = Debug|Any CPU
		{3DEC1247-45B6-4139-B6FD-8D7AFDAFB320}.Release|Any CPU.ActiveCfg = Release|Any CPU
		{3DEC1247-45B6-4139-B6FD-8D7AFDAFB320}.Release|Any CPU.Build.0 = Release|Any CPU
		{7213DDA8-511E-4F3B-A5BF-C639033F6A48}.Debug|Any CPU.ActiveCfg = Debug|Any CPU
		{7213DDA8-511E-4F3B-A5BF-C639033F6A48}.Debug|Any CPU.Build.0 = Debug|Any CPU
		{7213DDA8-511E-4F3B-A5BF-C639033F6A48}.Release|Any CPU.ActiveCfg = Release|Any CPU
		{7213DDA8-511E-4F3B-A5BF-C639033F6A48}.Release|Any CPU.Build.0 = Release|Any CPU
		{F66DDAFA-62F7-436B-A331-2DD13F3931E9}.Debug|Any CPU.ActiveCfg = Debug|Any CPU
		{F66DDAFA-62F7-436B-A331-2DD13F3931E9}.Debug|Any CPU.Build.0 = Debug|Any CPU
		{F66DDAFA-62F7-436B-A331-2DD13F3931E9}.Release|Any CPU.ActiveCfg = Release|Any CPU
		{F66DDAFA-62F7-436B-A331-2DD13F3931E9}.Release|Any CPU.Build.0 = Release|Any CPU
	EndGlobalSection
	GlobalSection(SolutionProperties) = preSolution
		HideSolutionNode = FALSE
	EndGlobalSection
	GlobalSection(NestedProjects) = preSolution
		{AC4C107F-F8BC-434F-9B77-6DCE5603126F} = {D2AF326F-7758-49DC-AA86-5874D2CD5BE9}
		{0470E43D-7664-4D9E-9051-DC1A33CA6056} = {D2AF326F-7758-49DC-AA86-5874D2CD5BE9}
		{CE9AA703-24F8-4EC3-BECB-85B0A5B5CC98} = {D2AF326F-7758-49DC-AA86-5874D2CD5BE9}
		{10E429E0-3A33-4E78-B5ED-DF72018B290F} = {D2AF326F-7758-49DC-AA86-5874D2CD5BE9}
		{D50EE0F8-0ACD-4680-9CDB-FAD5A2AEE705} = {D2AF326F-7758-49DC-AA86-5874D2CD5BE9}
		{7A2DCCF3-2D7F-4CAC-A4C5-5134EA98C9D0} = {B6F62E3F-5BAE-4591-9F15-C1456036E8E0}
		{F797D680-C61D-446A-8009-0B9B307C31C0} = {B6F62E3F-5BAE-4591-9F15-C1456036E8E0}
		{F4D12FA3-B960-4F07-8B75-267D5B07A408} = {752D8585-0F69-43DA-BA95-96951F4155E3}
		{3DC451AC-1F05-42D3-A544-1DC39490BDF3} = {752D8585-0F69-43DA-BA95-96951F4155E3}
		{23F3D34A-348F-4550-B3D5-A51046F5B004} = {752D8585-0F69-43DA-BA95-96951F4155E3}
		{2F44A3DF-57F3-41D5-A5FF-432F7F30E672} = {752D8585-0F69-43DA-BA95-96951F4155E3}
		{11208B24-90EA-498A-8096-F87E9F126715} = {752D8585-0F69-43DA-BA95-96951F4155E3}
		{881371F3-2CB7-4A07-B6A6-28B868FA8C62} = {1F2E8115-587A-499D-AE41-99D1DA518996}
		{F24ED3CB-B1F1-4EA9-B778-7DB565D24FBC} = {1F2E8115-587A-499D-AE41-99D1DA518996}
		{F14A0312-2FCF-4FC1-8B8B-4F7D810B0804} = {1F2E8115-587A-499D-AE41-99D1DA518996}
		{E2DDBAB5-24B5-4740-AFC9-AE9BAD5224E8} = {1F2E8115-587A-499D-AE41-99D1DA518996}
		{3DEC1247-45B6-4139-B6FD-8D7AFDAFB320} = {1F2E8115-587A-499D-AE41-99D1DA518996}
		{7213DDA8-511E-4F3B-A5BF-C639033F6A48} = {1F2E8115-587A-499D-AE41-99D1DA518996}
		{F66DDAFA-62F7-436B-A331-2DD13F3931E9} = {1F2E8115-587A-499D-AE41-99D1DA518996}
	EndGlobalSection
EndGlobal
